<?xml version="1.0" encoding="utf-8"?>
<Project ToolsVersion="4.0" xmlns="http://schemas.microsoft.com/developer/msbuild/2003">
  <ItemGroup>
    <Filter Include="Source Files">
      <UniqueIdentifier>{4FC737F1-C7A5-4376-A066-2A32D752A2FF}</UniqueIdentifier>
      <Extensions>cpp;c;cc;cxx;def;odl;idl;hpj;bat;asm;asmx</Extensions>
    </Filter>
    <Filter Include="Header Files">
      <UniqueIdentifier>{93995380-89BD-4b04-88EB-625FBE52EBFB}</UniqueIdentifier>
      <Extensions>h;hh;hpp;hxx;hm;inl;inc;xsd</Extensions>
    </Filter>
    <Filter Include="Resource Files">
      <UniqueIdentifier>{67DA6AB6-F800-4c08-8B7A-83BB121AAD01}</UniqueIdentifier>
      <Extensions>rc;ico;cur;bmp;dlg;rc2;rct;bin;rgs;gif;jpg;jpeg;jpe;resx;tiff;tif;png;wav</Extensions>
    </Filter>
    <Filter Include="Source Files\Hangman">
      <UniqueIdentifier>{d38ea84f-0c67-4b42-96b7-69348a73e674}</UniqueIdentifier>
    </Filter>
    <Filter Include="Source Files\Menu">
      <UniqueIdentifier>{e030ccbd-76cc-4409-9594-467c45df5afa}</UniqueIdentifier>
    </Filter>
    <Filter Include="Source Files\TicTacToe">
      <UniqueIdentifier>{477233b0-288b-4dd2-8444-241e72c8fd7b}</UniqueIdentifier>
    </Filter>
    <Filter Include="Source Files\Wordle">
      <UniqueIdentifier>{9fbc31d6-47e5-4c97-a16c-7c234720cdbd}</UniqueIdentifier>
    </Filter>
    <Filter Include="Source Files\Connect4">
      <UniqueIdentifier>{636e74ac-87e5-439a-8dad-11605fb3720a}</UniqueIdentifier>
    </Filter>
    <Filter Include="Source Files\common">
      <UniqueIdentifier>{59453502-430c-481d-ab19-7e441359ad71}</UniqueIdentifier>
    </Filter>
    <Filter Include="Source Files\Snake">
      <UniqueIdentifier>{60680a58-115a-4bc8-ab3b-369fdac6ceb8}</UniqueIdentifier>
    </Filter>
  </ItemGroup>
  <ItemGroup>
    <ClCompile Include="main.cpp">
      <Filter>Source Files\Menu</Filter>
    </ClCompile>
    <ClCompile Include="GameSelector.cpp">
      <Filter>Source Files\Menu</Filter>
    </ClCompile>
    <ClCompile Include="Connect4\connect4.cpp">
      <Filter>Source Files\Connect4</Filter>
    </ClCompile>
    <ClCompile Include="Connect4\DisplayManager.cpp">
      <Filter>Source Files\Connect4</Filter>
    </ClCompile>
    <ClCompile Include="HangmanCode\Hangman.cpp">
      <Filter>Source Files\Hangman</Filter>
    </ClCompile>
    <ClCompile Include="TicTacToeCode\ttt_functions.cpp">
      <Filter>Source Files\TicTacToe</Filter>
    </ClCompile>
    <ClCompile Include="TicTacToeCode\ttt.cpp">
      <Filter>Source Files\TicTacToe</Filter>
    </ClCompile>
    <ClCompile Include="WordleCode\Wordle.cpp">
      <Filter>Source Files\Wordle</Filter>
    </ClCompile>
    <ClCompile Include="Connect4\Connect4GameManager.cpp">
      <Filter>Source Files\Connect4</Filter>
    </ClCompile>
    <ClCompile Include="HangmanCode\HangmanGameManager.cpp">
      <Filter>Source Files\Hangman</Filter>
    </ClCompile>
    <ClCompile Include="WordleCode\WordleGameManager.cpp">
      <Filter>Source Files\Wordle</Filter>
    </ClCompile>
    <ClCompile Include="HangmanCode\HangmanScreenManager.cpp">
      <Filter>Source Files\Hangman</Filter>
    </ClCompile>
    <ClCompile Include="WordleCode\WordleScreenManager.cpp">
      <Filter>Source Files\Wordle</Filter>
    </ClCompile>
    <ClCompile Include="common\Location.cpp">
      <Filter>Source Files\common</Filter>
    </ClCompile>
    <ClCompile Include="SnakeGameManager.cpp">
      <Filter>Source Files\Snake</Filter>
    </ClCompile>
    <ClCompile Include="SnakeScreenManager.cpp">
      <Filter>Source Files\Snake</Filter>
    </ClCompile>
    <ClCompile Include="Snake.cpp">
      <Filter>Source Files\Snake</Filter>
    </ClCompile>
    <ClCompile Include="Apple.cpp">
      <Filter>Source Files\Snake</Filter>
    </ClCompile>
    <ClCompile Include="SnakeLocation.cpp">
      <Filter>Source Files\Snake</Filter>
    </ClCompile>
    <ClCompile Include="Timer.cpp">
      <Filter>Source Files\Snake</Filter>
    </ClCompile>
    <ClCompile Include="SnakeGame.cpp">
      <Filter>Source Files\Snake</Filter>
    </ClCompile>
  </ItemGroup>
  <ItemGroup>
    <ClInclude Include="arrowMove.h">
      <Filter>Source Files</Filter>
    </ClInclude>
    <ClInclude Include="GameSelector.h">
      <Filter>Source Files\Menu</Filter>
    </ClInclude>
    <ClInclude Include="Connect4\connect4.h">
      <Filter>Source Files\Connect4</Filter>
    </ClInclude>
    <ClInclude Include="Connect4\DisplayManager.h">
      <Filter>Source Files\Connect4</Filter>
    </ClInclude>
    <ClInclude Include="Connect4\GameManager.h">
      <Filter>Source Files\Connect4</Filter>
    </ClInclude>
    <ClInclude Include="HangmanCode\GameManager.h">
      <Filter>Source Files\Hangman</Filter>
    </ClInclude>
    <ClInclude Include="HangmanCode\Hangman.h">
      <Filter>Source Files\Hangman</Filter>
    </ClInclude>
    <ClInclude Include="HangmanCode\ScreenManager.h">
      <Filter>Source Files\Hangman</Filter>
    </ClInclude>
    <ClInclude Include="TicTacToeCode\ttt.h">
      <Filter>Source Files\TicTacToe</Filter>
    </ClInclude>
    <ClInclude Include="TicTacToeCode\ttt_functions.h">
      <Filter>Source Files\TicTacToe</Filter>
    </ClInclude>
    <ClInclude Include="WordleCode\ScreenManager.h">
      <Filter>Source Files\Wordle</Filter>
    </ClInclude>
    <ClInclude Include="WordleCode\Wordle.h">
      <Filter>Source Files\Wordle</Filter>
    </ClInclude>
    <ClInclude Include="WordleCode\GameManager.h">
      <Filter>Source Files\Wordle</Filter>
    </ClInclude>
    <ClInclude Include="path.h">
      <Filter>Source Files</Filter>
    </ClInclude>
    <ClInclude Include="common\Location.h">
      <Filter>Header Files</Filter>
    </ClInclude>
    <ClInclude Include="SnakeGameManager.h">
      <Filter>Source Files\Snake</Filter>
    </ClInclude>
    <ClInclude Include="SnakeScreenManager.h">
      <Filter>Source Files\Snake</Filter>
    </ClInclude>
    <ClInclude Include="Snake.h">
      <Filter>Source Files\Snake</Filter>
    </ClInclude>
    <ClInclude Include="Apple.h">
      <Filter>Source Files\Snake</Filter>
    </ClInclude>
    <ClInclude Include="SnakeLocation.h">
      <Filter>Source Files\Snake</Filter>
    </ClInclude>
    <ClInclude Include="Timer.h">
      <Filter>Source Files\Snake</Filter>
    </ClInclude>
  </ItemGroup>
  <ItemGroup>
    <Text Include="WordleCode\wordleWords.txt">
      <Filter>Source Files\Wordle</Filter>
    </Text>
    <Text Include="HangmanCode\hangmanWords.txt">
      <Filter>Source Files\Hangman</Filter>
    </Text>
  </ItemGroup>
</Project>